// !$*UTF8*$!
{
	archiveVersion = 1;
	classes = {
	};
	objectVersion = 51;
	objects = {

/* Begin PBXBuildFile section */
		3E4E44EBA48753FAAFA52801 /* Pods_MapSharing.framework in Frameworks */ = {isa = PBXBuildFile; fileRef = EFC1F5F2A0AF9C49AB22A2A8 /* Pods_MapSharing.framework */; };
		BD0DD19825E1493400E45C8D /* HexColor + UIColor.swift in Sources */ = {isa = PBXBuildFile; fileRef = BD0DD19725E1493400E45C8D /* HexColor + UIColor.swift */; };
		BD0DD1A725E1583E00E45C8D /* NicknameViewController.xib in Resources */ = {isa = PBXBuildFile; fileRef = BD0DD1A625E1583E00E45C8D /* NicknameViewController.xib */; };
		BD0DD1AB25E1587500E45C8D /* NicknameViewController.swift in Sources */ = {isa = PBXBuildFile; fileRef = BD0DD1AA25E1587500E45C8D /* NicknameViewController.swift */; };
		BD0DD1AE25E15A3000E45C8D /* MainViewController.xib in Resources */ = {isa = PBXBuildFile; fileRef = BD0DD1AD25E15A3000E45C8D /* MainViewController.xib */; };
		BD0DD1B225E15A4200E45C8D /* MainViewController.swift in Sources */ = {isa = PBXBuildFile; fileRef = BD0DD1B125E15A4200E45C8D /* MainViewController.swift */; };
		BD0DD1B825E163EC00E45C8D /* SystemConfiguration.framework in Frameworks */ = {isa = PBXBuildFile; fileRef = BD0DD1B725E163EC00E45C8D /* SystemConfiguration.framework */; };
		BD0DD1BA25E1640400E45C8D /* CoreLocation.framework in Frameworks */ = {isa = PBXBuildFile; fileRef = BD0DD1B925E1640400E45C8D /* CoreLocation.framework */; };
		BD0DD1BD25E1641000E45C8D /* Metal.framework in Frameworks */ = {isa = PBXBuildFile; fileRef = BD0DD1BC25E1641000E45C8D /* Metal.framework */; };
		BD0DD1BF25E1641B00E45C8D /* QuartzCore.framework in Frameworks */ = {isa = PBXBuildFile; fileRef = BD0DD1BE25E1641B00E45C8D /* QuartzCore.framework */; };
		BD0DD1C525E1649200E45C8D /* DaumMap.framework in Frameworks */ = {isa = PBXBuildFile; fileRef = BD0DD1C425E1649200E45C8D /* DaumMap.framework */; };
		BD0DD1C825E1652000E45C8D /* libc++.tbd in Frameworks */ = {isa = PBXBuildFile; fileRef = BD0DD1C025E1642500E45C8D /* libc++.tbd */; };
		BD0DD1CA25E1652800E45C8D /* libxml2.tbd in Frameworks */ = {isa = PBXBuildFile; fileRef = BD0DD1C125E1642C00E45C8D /* libxml2.tbd */; };
		BD0DD1CC25E1652F00E45C8D /* libsqlite3.tbd in Frameworks */ = {isa = PBXBuildFile; fileRef = BD0DD1C225E1643300E45C8D /* libsqlite3.tbd */; };
		BDA66A2F25DE698D00EF4097 /* AppDelegate.swift in Sources */ = {isa = PBXBuildFile; fileRef = BDA66A2E25DE698D00EF4097 /* AppDelegate.swift */; };
		BDA66A3125DE698D00EF4097 /* SceneDelegate.swift in Sources */ = {isa = PBXBuildFile; fileRef = BDA66A3025DE698D00EF4097 /* SceneDelegate.swift */; };
		BDA66A3325DE698D00EF4097 /* ViewController.swift in Sources */ = {isa = PBXBuildFile; fileRef = BDA66A3225DE698D00EF4097 /* ViewController.swift */; };
		BDA66A3625DE698D00EF4097 /* Main.storyboard in Resources */ = {isa = PBXBuildFile; fileRef = BDA66A3425DE698D00EF4097 /* Main.storyboard */; };
		BDA66A3825DE698F00EF4097 /* Assets.xcassets in Resources */ = {isa = PBXBuildFile; fileRef = BDA66A3725DE698F00EF4097 /* Assets.xcassets */; };
		BDA66A3B25DE698F00EF4097 /* LaunchScreen.storyboard in Resources */ = {isa = PBXBuildFile; fileRef = BDA66A3925DE698F00EF4097 /* LaunchScreen.storyboard */; };
		BDA66A4F25DE6F3A00EF4097 /* Rubik-Regular.ttf in Resources */ = {isa = PBXBuildFile; fileRef = BDA66A4E25DE6F3A00EF4097 /* Rubik-Regular.ttf */; };
		BDA66A5225DE6F4700EF4097 /* Rubik-Medium.ttf in Resources */ = {isa = PBXBuildFile; fileRef = BDA66A5125DE6F4700EF4097 /* Rubik-Medium.ttf */; };
		BDA66A5525DE6F5900EF4097 /* Rubik-Bold.ttf in Resources */ = {isa = PBXBuildFile; fileRef = BDA66A5425DE6F5900EF4097 /* Rubik-Bold.ttf */; };
		BDA66A5A25DE70A000EF4097 /* NotoSansCJKkr-Medium.otf in Resources */ = {isa = PBXBuildFile; fileRef = BDA66A5725DE709F00EF4097 /* NotoSansCJKkr-Medium.otf */; };
		BDA66A5B25DE70A000EF4097 /* NotoSansCJKkr-Bold.otf in Resources */ = {isa = PBXBuildFile; fileRef = BDA66A5825DE70A000EF4097 /* NotoSansCJKkr-Bold.otf */; };
		BDA66A5C25DE70A000EF4097 /* NotoSansCJKkr-Regular.otf in Resources */ = {isa = PBXBuildFile; fileRef = BDA66A5925DE70A000EF4097 /* NotoSansCJKkr-Regular.otf */; };
		BDA66A5F25DE71B700EF4097 /* CustomFont + UIFont.swift in Sources */ = {isa = PBXBuildFile; fileRef = BDA66A5E25DE71B700EF4097 /* CustomFont + UIFont.swift */; };
		BDA66A6525DE756000EF4097 /* FontTestViewController.swift in Sources */ = {isa = PBXBuildFile; fileRef = BDA66A6325DE756000EF4097 /* FontTestViewController.swift */; };
		BDA66A6625DE756000EF4097 /* FontTestViewController.xib in Resources */ = {isa = PBXBuildFile; fileRef = BDA66A6425DE756000EF4097 /* FontTestViewController.xib */; };
		BDA66A6D25DE7C3C00EF4097 /* SplashViewController.swift in Sources */ = {isa = PBXBuildFile; fileRef = BDA66A6C25DE7C3C00EF4097 /* SplashViewController.swift */; };
		BDA66A7125DE7C4E00EF4097 /* SplashViewController.xib in Resources */ = {isa = PBXBuildFile; fileRef = BDA66A7025DE7C4E00EF4097 /* SplashViewController.xib */; };
/* End PBXBuildFile section */

/* Begin PBXFileReference section */
		101A1BCBF9BB371E3E190479 /* Pods-MapSharing.debug.xcconfig */ = {isa = PBXFileReference; includeInIndex = 1; lastKnownFileType = text.xcconfig; name = "Pods-MapSharing.debug.xcconfig"; path = "Target Support Files/Pods-MapSharing/Pods-MapSharing.debug.xcconfig"; sourceTree = "<group>"; };
		BD0DD19725E1493400E45C8D /* HexColor + UIColor.swift */ = {isa = PBXFileReference; lastKnownFileType = sourcecode.swift; path = "HexColor + UIColor.swift"; sourceTree = "<group>"; };
		BD0DD1A625E1583E00E45C8D /* NicknameViewController.xib */ = {isa = PBXFileReference; lastKnownFileType = file.xib; path = NicknameViewController.xib; sourceTree = "<group>"; };
		BD0DD1AA25E1587500E45C8D /* NicknameViewController.swift */ = {isa = PBXFileReference; lastKnownFileType = sourcecode.swift; path = NicknameViewController.swift; sourceTree = "<group>"; };
		BD0DD1AD25E15A3000E45C8D /* MainViewController.xib */ = {isa = PBXFileReference; lastKnownFileType = file.xib; path = MainViewController.xib; sourceTree = "<group>"; };
		BD0DD1B125E15A4200E45C8D /* MainViewController.swift */ = {isa = PBXFileReference; lastKnownFileType = sourcecode.swift; path = MainViewController.swift; sourceTree = "<group>"; };
		BD0DD1B525E163E300E45C8D /* OpenGLES.framework */ = {isa = PBXFileReference; lastKnownFileType = wrapper.framework; name = OpenGLES.framework; path = System/Library/Frameworks/OpenGLES.framework; sourceTree = SDKROOT; };
		BD0DD1B725E163EC00E45C8D /* SystemConfiguration.framework */ = {isa = PBXFileReference; lastKnownFileType = wrapper.framework; name = SystemConfiguration.framework; path = System/Library/Frameworks/SystemConfiguration.framework; sourceTree = SDKROOT; };
		BD0DD1B925E1640400E45C8D /* CoreLocation.framework */ = {isa = PBXFileReference; lastKnownFileType = wrapper.framework; name = CoreLocation.framework; path = System/Library/Frameworks/CoreLocation.framework; sourceTree = SDKROOT; };
		BD0DD1BC25E1641000E45C8D /* Metal.framework */ = {isa = PBXFileReference; lastKnownFileType = wrapper.framework; name = Metal.framework; path = System/Library/Frameworks/Metal.framework; sourceTree = SDKROOT; };
		BD0DD1BE25E1641B00E45C8D /* QuartzCore.framework */ = {isa = PBXFileReference; lastKnownFileType = wrapper.framework; name = QuartzCore.framework; path = System/Library/Frameworks/QuartzCore.framework; sourceTree = SDKROOT; };
		BD0DD1C025E1642500E45C8D /* libc++.tbd */ = {isa = PBXFileReference; lastKnownFileType = "sourcecode.text-based-dylib-definition"; name = "libc++.tbd"; path = "usr/lib/libc++.tbd"; sourceTree = SDKROOT; };
		BD0DD1C125E1642C00E45C8D /* libxml2.tbd */ = {isa = PBXFileReference; lastKnownFileType = "sourcecode.text-based-dylib-definition"; name = libxml2.tbd; path = usr/lib/libxml2.tbd; sourceTree = SDKROOT; };
		BD0DD1C225E1643300E45C8D /* libsqlite3.tbd */ = {isa = PBXFileReference; lastKnownFileType = "sourcecode.text-based-dylib-definition"; name = libsqlite3.tbd; path = usr/lib/libsqlite3.tbd; sourceTree = SDKROOT; };
		BD0DD1C325E1646800E45C8D /* MapSharing-Bridging-Header.h */ = {isa = PBXFileReference; lastKnownFileType = sourcecode.c.h; path = "MapSharing-Bridging-Header.h"; sourceTree = "<group>"; };
		BD0DD1C425E1649200E45C8D /* DaumMap.framework */ = {isa = PBXFileReference; lastKnownFileType = wrapper.framework; path = DaumMap.framework; sourceTree = "<group>"; };
		BDA66A2B25DE698D00EF4097 /* MapSharing.app */ = {isa = PBXFileReference; explicitFileType = wrapper.application; includeInIndex = 0; path = MapSharing.app; sourceTree = BUILT_PRODUCTS_DIR; };
		BDA66A2E25DE698D00EF4097 /* AppDelegate.swift */ = {isa = PBXFileReference; lastKnownFileType = sourcecode.swift; path = AppDelegate.swift; sourceTree = "<group>"; };
		BDA66A3025DE698D00EF4097 /* SceneDelegate.swift */ = {isa = PBXFileReference; lastKnownFileType = sourcecode.swift; path = SceneDelegate.swift; sourceTree = "<group>"; };
		BDA66A3225DE698D00EF4097 /* ViewController.swift */ = {isa = PBXFileReference; lastKnownFileType = sourcecode.swift; path = ViewController.swift; sourceTree = "<group>"; };
		BDA66A3525DE698D00EF4097 /* Base */ = {isa = PBXFileReference; lastKnownFileType = file.storyboard; name = Base; path = Base.lproj/Main.storyboard; sourceTree = "<group>"; };
		BDA66A3725DE698F00EF4097 /* Assets.xcassets */ = {isa = PBXFileReference; lastKnownFileType = folder.assetcatalog; path = Assets.xcassets; sourceTree = "<group>"; };
		BDA66A3A25DE698F00EF4097 /* Base */ = {isa = PBXFileReference; lastKnownFileType = file.storyboard; name = Base; path = Base.lproj/LaunchScreen.storyboard; sourceTree = "<group>"; };
		BDA66A3C25DE698F00EF4097 /* Info.plist */ = {isa = PBXFileReference; lastKnownFileType = text.plist.xml; path = Info.plist; sourceTree = "<group>"; };
		BDA66A4E25DE6F3A00EF4097 /* Rubik-Regular.ttf */ = {isa = PBXFileReference; lastKnownFileType = file; path = "Rubik-Regular.ttf"; sourceTree = "<group>"; };
		BDA66A5125DE6F4700EF4097 /* Rubik-Medium.ttf */ = {isa = PBXFileReference; lastKnownFileType = file; path = "Rubik-Medium.ttf"; sourceTree = "<group>"; };
		BDA66A5425DE6F5900EF4097 /* Rubik-Bold.ttf */ = {isa = PBXFileReference; lastKnownFileType = file; path = "Rubik-Bold.ttf"; sourceTree = "<group>"; };
		BDA66A5725DE709F00EF4097 /* NotoSansCJKkr-Medium.otf */ = {isa = PBXFileReference; lastKnownFileType = file; path = "NotoSansCJKkr-Medium.otf"; sourceTree = "<group>"; };
		BDA66A5825DE70A000EF4097 /* NotoSansCJKkr-Bold.otf */ = {isa = PBXFileReference; lastKnownFileType = file; path = "NotoSansCJKkr-Bold.otf"; sourceTree = "<group>"; };
		BDA66A5925DE70A000EF4097 /* NotoSansCJKkr-Regular.otf */ = {isa = PBXFileReference; lastKnownFileType = file; path = "NotoSansCJKkr-Regular.otf"; sourceTree = "<group>"; };
		BDA66A5E25DE71B700EF4097 /* CustomFont + UIFont.swift */ = {isa = PBXFileReference; lastKnownFileType = sourcecode.swift; path = "CustomFont + UIFont.swift"; sourceTree = "<group>"; };
		BDA66A6325DE756000EF4097 /* FontTestViewController.swift */ = {isa = PBXFileReference; lastKnownFileType = sourcecode.swift; path = FontTestViewController.swift; sourceTree = "<group>"; };
		BDA66A6425DE756000EF4097 /* FontTestViewController.xib */ = {isa = PBXFileReference; lastKnownFileType = file.xib; path = FontTestViewController.xib; sourceTree = "<group>"; };
		BDA66A6C25DE7C3C00EF4097 /* SplashViewController.swift */ = {isa = PBXFileReference; lastKnownFileType = sourcecode.swift; path = SplashViewController.swift; sourceTree = "<group>"; };
		BDA66A7025DE7C4E00EF4097 /* SplashViewController.xib */ = {isa = PBXFileReference; lastKnownFileType = file.xib; path = SplashViewController.xib; sourceTree = "<group>"; };
		D9DC969BA39FC9DA4712A15C /* Pods-MapSharing.release.xcconfig */ = {isa = PBXFileReference; includeInIndex = 1; lastKnownFileType = text.xcconfig; name = "Pods-MapSharing.release.xcconfig"; path = "Target Support Files/Pods-MapSharing/Pods-MapSharing.release.xcconfig"; sourceTree = "<group>"; };
		EFC1F5F2A0AF9C49AB22A2A8 /* Pods_MapSharing.framework */ = {isa = PBXFileReference; explicitFileType = wrapper.framework; includeInIndex = 0; path = Pods_MapSharing.framework; sourceTree = BUILT_PRODUCTS_DIR; };
/* End PBXFileReference section */

/* Begin PBXFrameworksBuildPhase section */
		BDA66A2825DE698D00EF4097 /* Frameworks */ = {
			isa = PBXFrameworksBuildPhase;
			buildActionMask = 2147483647;
			files = (
				BD0DD1CC25E1652F00E45C8D /* libsqlite3.tbd in Frameworks */,
				BD0DD1CA25E1652800E45C8D /* libxml2.tbd in Frameworks */,
				BD0DD1C825E1652000E45C8D /* libc++.tbd in Frameworks */,
				BD0DD1BF25E1641B00E45C8D /* QuartzCore.framework in Frameworks */,
				BD0DD1BA25E1640400E45C8D /* CoreLocation.framework in Frameworks */,
				3E4E44EBA48753FAAFA52801 /* Pods_MapSharing.framework in Frameworks */,
				BD0DD1BD25E1641000E45C8D /* Metal.framework in Frameworks */,
				BD0DD1C525E1649200E45C8D /* DaumMap.framework in Frameworks */,
				BD0DD1B825E163EC00E45C8D /* SystemConfiguration.framework in Frameworks */,
			);
			runOnlyForDeploymentPostprocessing = 0;
		};
/* End PBXFrameworksBuildPhase section */

/* Begin PBXGroup section */
		A2E02DEC2565C2BFCC3993EF /* Pods */ = {
			isa = PBXGroup;
			children = (
				101A1BCBF9BB371E3E190479 /* Pods-MapSharing.debug.xcconfig */,
				D9DC969BA39FC9DA4712A15C /* Pods-MapSharing.release.xcconfig */,
			);
			path = Pods;
			sourceTree = "<group>";
		};
		AE99651495FC3872F02ACA9C /* Frameworks */ = {
			isa = PBXGroup;
			children = (
				BD0DD1C425E1649200E45C8D /* DaumMap.framework */,
				BD0DD1C225E1643300E45C8D /* libsqlite3.tbd */,
				BD0DD1C125E1642C00E45C8D /* libxml2.tbd */,
				BD0DD1C025E1642500E45C8D /* libc++.tbd */,
				BD0DD1BE25E1641B00E45C8D /* QuartzCore.framework */,
				BD0DD1BC25E1641000E45C8D /* Metal.framework */,
				BD0DD1B925E1640400E45C8D /* CoreLocation.framework */,
				BD0DD1B725E163EC00E45C8D /* SystemConfiguration.framework */,
				BD0DD1B525E163E300E45C8D /* OpenGLES.framework */,
				EFC1F5F2A0AF9C49AB22A2A8 /* Pods_MapSharing.framework */,
			);
			name = Frameworks;
			sourceTree = "<group>";
		};
		BD0DD1A425E1578D00E45C8D /* Main */ = {
			isa = PBXGroup;
			children = (
				BD0DD1AD25E15A3000E45C8D /* MainViewController.xib */,
			);
			path = Main;
			sourceTree = "<group>";
		};
		BD0DD1A525E157B500E45C8D /* Nickname */ = {
			isa = PBXGroup;
			children = (
				BD0DD1A625E1583E00E45C8D /* NicknameViewController.xib */,
			);
			path = Nickname;
			sourceTree = "<group>";
		};
		BD0DD1A925E1586000E45C8D /* Nickname */ = {
			isa = PBXGroup;
			children = (
				BD0DD1AA25E1587500E45C8D /* NicknameViewController.swift */,
			);
			path = Nickname;
			sourceTree = "<group>";
		};
		BD0DD1B025E15A3600E45C8D /* Main */ = {
			isa = PBXGroup;
			children = (
				BD0DD1B125E15A4200E45C8D /* MainViewController.swift */,
			);
			path = Main;
			sourceTree = "<group>";
		};
		BDA66A2225DE698D00EF4097 = {
			isa = PBXGroup;
			children = (
				BD0DD1C325E1646800E45C8D /* MapSharing-Bridging-Header.h */,
				BDA66A2D25DE698D00EF4097 /* MapSharing */,
				BDA66A2C25DE698D00EF4097 /* Products */,
				A2E02DEC2565C2BFCC3993EF /* Pods */,
				AE99651495FC3872F02ACA9C /* Frameworks */,
			);
			sourceTree = "<group>";
		};
		BDA66A2C25DE698D00EF4097 /* Products */ = {
			isa = PBXGroup;
			children = (
				BDA66A2B25DE698D00EF4097 /* MapSharing.app */,
			);
			name = Products;
			sourceTree = "<group>";
		};
		BDA66A2D25DE698D00EF4097 /* MapSharing */ = {
			isa = PBXGroup;
			children = (
				BDA66A4425DE69E800EF4097 /* Resource */,
				BDA66A4325DE69D600EF4097 /* Source */,
				BDA66A3C25DE698F00EF4097 /* Info.plist */,
			);
			path = MapSharing;
			sourceTree = "<group>";
		};
		BDA66A4325DE69D600EF4097 /* Source */ = {
			isa = PBXGroup;
			children = (
				BDA66A4725DE6A8400EF4097 /* Extensions */,
				BDA66A4625DE6A8000EF4097 /* Models */,
				BDA66A4525DE6A7600EF4097 /* ViewControllers */,
				BDA66A2E25DE698D00EF4097 /* AppDelegate.swift */,
				BDA66A3025DE698D00EF4097 /* SceneDelegate.swift */,
			);
			path = Source;
			sourceTree = "<group>";
		};
		BDA66A4425DE69E800EF4097 /* Resource */ = {
			isa = PBXGroup;
			children = (
				BDA66A4C25DE6B2800EF4097 /* Assets */,
				BDA66A4B25DE6AB000EF4097 /* Network */,
				BDA66A4A25DE6AA200EF4097 /* Font */,
				BDA66A4925DE6A9B00EF4097 /* Xibs */,
				BDA66A4825DE6A9400EF4097 /* Storyboards */,
			);
			path = Resource;
			sourceTree = "<group>";
		};
		BDA66A4525DE6A7600EF4097 /* ViewControllers */ = {
			isa = PBXGroup;
			children = (
				BDA66A6825DE757500EF4097 /* Font */,
				BDA66A6B25DE7A3B00EF4097 /* Splash */,
				BD0DD1A925E1586000E45C8D /* Nickname */,
				BD0DD1B025E15A3600E45C8D /* Main */,
				BDA66A3225DE698D00EF4097 /* ViewController.swift */,
			);
			path = ViewControllers;
			sourceTree = "<group>";
		};
		BDA66A4625DE6A8000EF4097 /* Models */ = {
			isa = PBXGroup;
			children = (
			);
			path = Models;
			sourceTree = "<group>";
		};
		BDA66A4725DE6A8400EF4097 /* Extensions */ = {
			isa = PBXGroup;
			children = (
				BDA66A5E25DE71B700EF4097 /* CustomFont + UIFont.swift */,
				BD0DD19725E1493400E45C8D /* HexColor + UIColor.swift */,
			);
			path = Extensions;
			sourceTree = "<group>";
		};
		BDA66A4825DE6A9400EF4097 /* Storyboards */ = {
			isa = PBXGroup;
			children = (
				BDA66A3425DE698D00EF4097 /* Main.storyboard */,
				BDA66A3925DE698F00EF4097 /* LaunchScreen.storyboard */,
			);
			path = Storyboards;
			sourceTree = "<group>";
		};
		BDA66A4925DE6A9B00EF4097 /* Xibs */ = {
			isa = PBXGroup;
			children = (
				BDA66A6125DE750D00EF4097 /* Font */,
				BDA66A6A25DE7A2F00EF4097 /* Splash */,
				BD0DD1A525E157B500E45C8D /* Nickname */,
				BD0DD1A425E1578D00E45C8D /* Main */,
			);
			path = Xibs;
			sourceTree = "<group>";
		};
		BDA66A4A25DE6AA200EF4097 /* Font */ = {
			isa = PBXGroup;
			children = (
				BDA66A4E25DE6F3A00EF4097 /* Rubik-Regular.ttf */,
				BDA66A5125DE6F4700EF4097 /* Rubik-Medium.ttf */,
				BDA66A5425DE6F5900EF4097 /* Rubik-Bold.ttf */,
				BDA66A5825DE70A000EF4097 /* NotoSansCJKkr-Bold.otf */,
				BDA66A5725DE709F00EF4097 /* NotoSansCJKkr-Medium.otf */,
				BDA66A5925DE70A000EF4097 /* NotoSansCJKkr-Regular.otf */,
			);
			path = Font;
			sourceTree = "<group>";
		};
		BDA66A4B25DE6AB000EF4097 /* Network */ = {
			isa = PBXGroup;
			children = (
			);
			path = Network;
			sourceTree = "<group>";
		};
		BDA66A4C25DE6B2800EF4097 /* Assets */ = {
			isa = PBXGroup;
			children = (
				BDA66A3725DE698F00EF4097 /* Assets.xcassets */,
			);
			path = Assets;
			sourceTree = "<group>";
		};
		BDA66A6125DE750D00EF4097 /* Font */ = {
			isa = PBXGroup;
			children = (
				BDA66A6425DE756000EF4097 /* FontTestViewController.xib */,
			);
			path = Font;
			sourceTree = "<group>";
		};
		BDA66A6825DE757500EF4097 /* Font */ = {
			isa = PBXGroup;
			children = (
				BDA66A6325DE756000EF4097 /* FontTestViewController.swift */,
			);
			path = Font;
			sourceTree = "<group>";
		};
		BDA66A6A25DE7A2F00EF4097 /* Splash */ = {
			isa = PBXGroup;
			children = (
				BDA66A7025DE7C4E00EF4097 /* SplashViewController.xib */,
			);
			path = Splash;
			sourceTree = "<group>";
		};
		BDA66A6B25DE7A3B00EF4097 /* Splash */ = {
			isa = PBXGroup;
			children = (
				BDA66A6C25DE7C3C00EF4097 /* SplashViewController.swift */,
			);
			path = Splash;
			sourceTree = "<group>";
		};
/* End PBXGroup section */

/* Begin PBXNativeTarget section */
		BDA66A2A25DE698D00EF4097 /* MapSharing */ = {
			isa = PBXNativeTarget;
			buildConfigurationList = BDA66A3F25DE698F00EF4097 /* Build configuration list for PBXNativeTarget "MapSharing" */;
			buildPhases = (
				84D813D287B8BF926516C1CE /* [CP] Check Pods Manifest.lock */,
				BDA66A2725DE698D00EF4097 /* Sources */,
				BDA66A2825DE698D00EF4097 /* Frameworks */,
				BDA66A2925DE698D00EF4097 /* Resources */,
				B44C7F04D50337C9115C4046 /* [CP] Embed Pods Frameworks */,
			);
			buildRules = (
			);
			dependencies = (
			);
			name = MapSharing;
			productName = MapSharing;
			productReference = BDA66A2B25DE698D00EF4097 /* MapSharing.app */;
			productType = "com.apple.product-type.application";
		};
/* End PBXNativeTarget section */

/* Begin PBXProject section */
		BDA66A2325DE698D00EF4097 /* Project object */ = {
			isa = PBXProject;
			attributes = {
				LastSwiftUpdateCheck = 1220;
				LastUpgradeCheck = 1220;
				TargetAttributes = {
					BDA66A2A25DE698D00EF4097 = {
						CreatedOnToolsVersion = 12.2;
					};
				};
			};
			buildConfigurationList = BDA66A2625DE698D00EF4097 /* Build configuration list for PBXProject "MapSharing" */;
			compatibilityVersion = "Xcode 9.3";
			developmentRegion = en;
			hasScannedForEncodings = 0;
			knownRegions = (
				en,
				Base,
			);
			mainGroup = BDA66A2225DE698D00EF4097;
			productRefGroup = BDA66A2C25DE698D00EF4097 /* Products */;
			projectDirPath = "";
			projectRoot = "";
			targets = (
				BDA66A2A25DE698D00EF4097 /* MapSharing */,
			);
		};
/* End PBXProject section */

/* Begin PBXResourcesBuildPhase section */
		BDA66A2925DE698D00EF4097 /* Resources */ = {
			isa = PBXResourcesBuildPhase;
			buildActionMask = 2147483647;
			files = (
				BD0DD1A725E1583E00E45C8D /* NicknameViewController.xib in Resources */,
				BD0DD1AE25E15A3000E45C8D /* MainViewController.xib in Resources */,
				BDA66A3B25DE698F00EF4097 /* LaunchScreen.storyboard in Resources */,
				BDA66A5A25DE70A000EF4097 /* NotoSansCJKkr-Medium.otf in Resources */,
				BDA66A5525DE6F5900EF4097 /* Rubik-Bold.ttf in Resources */,
				BDA66A7125DE7C4E00EF4097 /* SplashViewController.xib in Resources */,
				BDA66A6625DE756000EF4097 /* FontTestViewController.xib in Resources */,
				BDA66A4F25DE6F3A00EF4097 /* Rubik-Regular.ttf in Resources */,
				BDA66A5C25DE70A000EF4097 /* NotoSansCJKkr-Regular.otf in Resources */,
				BDA66A3825DE698F00EF4097 /* Assets.xcassets in Resources */,
				BDA66A5B25DE70A000EF4097 /* NotoSansCJKkr-Bold.otf in Resources */,
				BDA66A3625DE698D00EF4097 /* Main.storyboard in Resources */,
				BDA66A5225DE6F4700EF4097 /* Rubik-Medium.ttf in Resources */,
			);
			runOnlyForDeploymentPostprocessing = 0;
		};
/* End PBXResourcesBuildPhase section */

/* Begin PBXShellScriptBuildPhase section */
		84D813D287B8BF926516C1CE /* [CP] Check Pods Manifest.lock */ = {
			isa = PBXShellScriptBuildPhase;
			buildActionMask = 2147483647;
			files = (
			);
			inputFileListPaths = (
			);
			inputPaths = (
				"${PODS_PODFILE_DIR_PATH}/Podfile.lock",
				"${PODS_ROOT}/Manifest.lock",
			);
			name = "[CP] Check Pods Manifest.lock";
			outputFileListPaths = (
			);
			outputPaths = (
				"$(DERIVED_FILE_DIR)/Pods-MapSharing-checkManifestLockResult.txt",
			);
			runOnlyForDeploymentPostprocessing = 0;
			shellPath = /bin/sh;
			shellScript = "diff \"${PODS_PODFILE_DIR_PATH}/Podfile.lock\" \"${PODS_ROOT}/Manifest.lock\" > /dev/null\nif [ $? != 0 ] ; then\n    # print error to STDERR\n    echo \"error: The sandbox is not in sync with the Podfile.lock. Run 'pod install' or update your CocoaPods installation.\" >&2\n    exit 1\nfi\n# This output is used by Xcode 'outputs' to avoid re-running this script phase.\necho \"SUCCESS\" > \"${SCRIPT_OUTPUT_FILE_0}\"\n";
			showEnvVarsInLog = 0;
		};
		B44C7F04D50337C9115C4046 /* [CP] Embed Pods Frameworks */ = {
			isa = PBXShellScriptBuildPhase;
			buildActionMask = 2147483647;
			files = (
			);
			inputFileListPaths = (
				"${PODS_ROOT}/Target Support Files/Pods-MapSharing/Pods-MapSharing-frameworks-${CONFIGURATION}-input-files.xcfilelist",
			);
			name = "[CP] Embed Pods Frameworks";
			outputFileListPaths = (
				"${PODS_ROOT}/Target Support Files/Pods-MapSharing/Pods-MapSharing-frameworks-${CONFIGURATION}-output-files.xcfilelist",
			);
			runOnlyForDeploymentPostprocessing = 0;
			shellPath = /bin/sh;
			shellScript = "\"${PODS_ROOT}/Target Support Files/Pods-MapSharing/Pods-MapSharing-frameworks.sh\"\n";
			showEnvVarsInLog = 0;
		};
/* End PBXShellScriptBuildPhase section */

/* Begin PBXSourcesBuildPhase section */
		BDA66A2725DE698D00EF4097 /* Sources */ = {
			isa = PBXSourcesBuildPhase;
			buildActionMask = 2147483647;
			files = (
				BDA66A3325DE698D00EF4097 /* ViewController.swift in Sources */,
				BDA66A2F25DE698D00EF4097 /* AppDelegate.swift in Sources */,
				BDA66A6525DE756000EF4097 /* FontTestViewController.swift in Sources */,
				BDA66A6D25DE7C3C00EF4097 /* SplashViewController.swift in Sources */,
				BD0DD1AB25E1587500E45C8D /* NicknameViewController.swift in Sources */,
				BD0DD19825E1493400E45C8D /* HexColor + UIColor.swift in Sources */,
				BD0DD1B225E15A4200E45C8D /* MainViewController.swift in Sources */,
				BDA66A5F25DE71B700EF4097 /* CustomFont + UIFont.swift in Sources */,
				BDA66A3125DE698D00EF4097 /* SceneDelegate.swift in Sources */,
			);
			runOnlyForDeploymentPostprocessing = 0;
		};
/* End PBXSourcesBuildPhase section */

/* Begin PBXVariantGroup section */
		BDA66A3425DE698D00EF4097 /* Main.storyboard */ = {
			isa = PBXVariantGroup;
			children = (
				BDA66A3525DE698D00EF4097 /* Base */,
			);
			name = Main.storyboard;
			sourceTree = "<group>";
		};
		BDA66A3925DE698F00EF4097 /* LaunchScreen.storyboard */ = {
			isa = PBXVariantGroup;
			children = (
				BDA66A3A25DE698F00EF4097 /* Base */,
			);
			name = LaunchScreen.storyboard;
			sourceTree = "<group>";
		};
/* End PBXVariantGroup section */

/* Begin XCBuildConfiguration section */
		BDA66A3D25DE698F00EF4097 /* Debug */ = {
			isa = XCBuildConfiguration;
			buildSettings = {
				ALWAYS_SEARCH_USER_PATHS = NO;
				CLANG_ANALYZER_NONNULL = YES;
				CLANG_ANALYZER_NUMBER_OBJECT_CONVERSION = YES_AGGRESSIVE;
				CLANG_CXX_LANGUAGE_STANDARD = "gnu++14";
				CLANG_CXX_LIBRARY = "libc++";
				CLANG_ENABLE_MODULES = YES;
				CLANG_ENABLE_OBJC_ARC = YES;
				CLANG_ENABLE_OBJC_WEAK = YES;
				CLANG_WARN_BLOCK_CAPTURE_AUTORELEASING = YES;
				CLANG_WARN_BOOL_CONVERSION = YES;
				CLANG_WARN_COMMA = YES;
				CLANG_WARN_CONSTANT_CONVERSION = YES;
				CLANG_WARN_DEPRECATED_OBJC_IMPLEMENTATIONS = YES;
				CLANG_WARN_DIRECT_OBJC_ISA_USAGE = YES_ERROR;
				CLANG_WARN_DOCUMENTATION_COMMENTS = YES;
				CLANG_WARN_EMPTY_BODY = YES;
				CLANG_WARN_ENUM_CONVERSION = YES;
				CLANG_WARN_INFINITE_RECURSION = YES;
				CLANG_WARN_INT_CONVERSION = YES;
				CLANG_WARN_NON_LITERAL_NULL_CONVERSION = YES;
				CLANG_WARN_OBJC_IMPLICIT_RETAIN_SELF = YES;
				CLANG_WARN_OBJC_LITERAL_CONVERSION = YES;
				CLANG_WARN_OBJC_ROOT_CLASS = YES_ERROR;
				CLANG_WARN_QUOTED_INCLUDE_IN_FRAMEWORK_HEADER = YES;
				CLANG_WARN_RANGE_LOOP_ANALYSIS = YES;
				CLANG_WARN_STRICT_PROTOTYPES = YES;
				CLANG_WARN_SUSPICIOUS_MOVE = YES;
				CLANG_WARN_UNGUARDED_AVAILABILITY = YES_AGGRESSIVE;
				CLANG_WARN_UNREACHABLE_CODE = YES;
				CLANG_WARN__DUPLICATE_METHOD_MATCH = YES;
				COPY_PHASE_STRIP = NO;
				DEBUG_INFORMATION_FORMAT = dwarf;
				ENABLE_STRICT_OBJC_MSGSEND = YES;
				ENABLE_TESTABILITY = YES;
				GCC_C_LANGUAGE_STANDARD = gnu11;
				GCC_DYNAMIC_NO_PIC = NO;
				GCC_NO_COMMON_BLOCKS = YES;
				GCC_OPTIMIZATION_LEVEL = 0;
				GCC_PREPROCESSOR_DEFINITIONS = (
					"DEBUG=1",
					"$(inherited)",
				);
				GCC_WARN_64_TO_32_BIT_CONVERSION = YES;
				GCC_WARN_ABOUT_RETURN_TYPE = YES_ERROR;
				GCC_WARN_UNDECLARED_SELECTOR = YES;
				GCC_WARN_UNINITIALIZED_AUTOS = YES_AGGRESSIVE;
				GCC_WARN_UNUSED_FUNCTION = YES;
				GCC_WARN_UNUSED_VARIABLE = YES;
				IPHONEOS_DEPLOYMENT_TARGET = 14.2;
				MTL_ENABLE_DEBUG_INFO = INCLUDE_SOURCE;
				MTL_FAST_MATH = YES;
				ONLY_ACTIVE_ARCH = YES;
				SDKROOT = iphoneos;
				SWIFT_ACTIVE_COMPILATION_CONDITIONS = DEBUG;
				SWIFT_OPTIMIZATION_LEVEL = "-Onone";
			};
			name = Debug;
		};
		BDA66A3E25DE698F00EF4097 /* Release */ = {
			isa = XCBuildConfiguration;
			buildSettings = {
				ALWAYS_SEARCH_USER_PATHS = NO;
				CLANG_ANALYZER_NONNULL = YES;
				CLANG_ANALYZER_NUMBER_OBJECT_CONVERSION = YES_AGGRESSIVE;
				CLANG_CXX_LANGUAGE_STANDARD = "gnu++14";
				CLANG_CXX_LIBRARY = "libc++";
				CLANG_ENABLE_MODULES = YES;
				CLANG_ENABLE_OBJC_ARC = YES;
				CLANG_ENABLE_OBJC_WEAK = YES;
				CLANG_WARN_BLOCK_CAPTURE_AUTORELEASING = YES;
				CLANG_WARN_BOOL_CONVERSION = YES;
				CLANG_WARN_COMMA = YES;
				CLANG_WARN_CONSTANT_CONVERSION = YES;
				CLANG_WARN_DEPRECATED_OBJC_IMPLEMENTATIONS = YES;
				CLANG_WARN_DIRECT_OBJC_ISA_USAGE = YES_ERROR;
				CLANG_WARN_DOCUMENTATION_COMMENTS = YES;
				CLANG_WARN_EMPTY_BODY = YES;
				CLANG_WARN_ENUM_CONVERSION = YES;
				CLANG_WARN_INFINITE_RECURSION = YES;
				CLANG_WARN_INT_CONVERSION = YES;
				CLANG_WARN_NON_LITERAL_NULL_CONVERSION = YES;
				CLANG_WARN_OBJC_IMPLICIT_RETAIN_SELF = YES;
				CLANG_WARN_OBJC_LITERAL_CONVERSION = YES;
				CLANG_WARN_OBJC_ROOT_CLASS = YES_ERROR;
				CLANG_WARN_QUOTED_INCLUDE_IN_FRAMEWORK_HEADER = YES;
				CLANG_WARN_RANGE_LOOP_ANALYSIS = YES;
				CLANG_WARN_STRICT_PROTOTYPES = YES;
				CLANG_WARN_SUSPICIOUS_MOVE = YES;
				CLANG_WARN_UNGUARDED_AVAILABILITY = YES_AGGRESSIVE;
				CLANG_WARN_UNREACHABLE_CODE = YES;
				CLANG_WARN__DUPLICATE_METHOD_MATCH = YES;
				COPY_PHASE_STRIP = NO;
				DEBUG_INFORMATION_FORMAT = "dwarf-with-dsym";
				ENABLE_NS_ASSERTIONS = NO;
				ENABLE_STRICT_OBJC_MSGSEND = YES;
				GCC_C_LANGUAGE_STANDARD = gnu11;
				GCC_NO_COMMON_BLOCKS = YES;
				GCC_WARN_64_TO_32_BIT_CONVERSION = YES;
				GCC_WARN_ABOUT_RETURN_TYPE = YES_ERROR;
				GCC_WARN_UNDECLARED_SELECTOR = YES;
				GCC_WARN_UNINITIALIZED_AUTOS = YES_AGGRESSIVE;
				GCC_WARN_UNUSED_FUNCTION = YES;
				GCC_WARN_UNUSED_VARIABLE = YES;
				IPHONEOS_DEPLOYMENT_TARGET = 14.2;
				MTL_ENABLE_DEBUG_INFO = NO;
				MTL_FAST_MATH = YES;
				SDKROOT = iphoneos;
				SWIFT_COMPILATION_MODE = wholemodule;
				SWIFT_OPTIMIZATION_LEVEL = "-O";
				VALIDATE_PRODUCT = YES;
			};
			name = Release;
		};
		BDA66A4025DE698F00EF4097 /* Debug */ = {
			isa = XCBuildConfiguration;
			baseConfigurationReference = 101A1BCBF9BB371E3E190479 /* Pods-MapSharing.debug.xcconfig */;
			buildSettings = {
				ASSETCATALOG_COMPILER_APPICON_NAME = AppIcon;
				ASSETCATALOG_COMPILER_GLOBAL_ACCENT_COLOR_NAME = AccentColor;
				CODE_SIGN_STYLE = Automatic;
				DEVELOPMENT_TEAM = W895YM7ZMH;
				FRAMEWORK_SEARCH_PATHS = (
					"$(inherited)",
					"$(PROJECT_DIR)",
				);
				INFOPLIST_FILE = MapSharing/Info.plist;
				IPHONEOS_DEPLOYMENT_TARGET = 13.0;
				LD_RUNPATH_SEARCH_PATHS = (
					"$(inherited)",
					"@executable_path/Frameworks",
				);
				PRODUCT_BUNDLE_IDENTIFIER = dev.taekki.ios.MapSharing;
				PRODUCT_NAME = "$(TARGET_NAME)";
				SWIFT_OBJC_BRIDGING_HEADER = "/Users/taehy.k/MyProjects/MapSharing-iOS/MapSharing/MapSharing-Bridging-Header.h";
				SWIFT_VERSION = 5.0;
				TARGETED_DEVICE_FAMILY = 1;
			};
			name = Debug;
		};
		BDA66A4125DE698F00EF4097 /* Release */ = {
			isa = XCBuildConfiguration;
			baseConfigurationReference = D9DC969BA39FC9DA4712A15C /* Pods-MapSharing.release.xcconfig */;
			buildSettings = {
				ASSETCATALOG_COMPILER_APPICON_NAME = AppIcon;
				ASSETCATALOG_COMPILER_GLOBAL_ACCENT_COLOR_NAME = AccentColor;
				CODE_SIGN_STYLE = Automatic;
				DEVELOPMENT_TEAM = W895YM7ZMH;
				FRAMEWORK_SEARCH_PATHS = (
					"$(inherited)",
					"$(PROJECT_DIR)",
				);
				INFOPLIST_FILE = MapSharing/Info.plist;
				IPHONEOS_DEPLOYMENT_TARGET = 13.0;
				LD_RUNPATH_SEARCH_PATHS = (
					"$(inherited)",
					"@executable_path/Frameworks",
				);
				PRODUCT_BUNDLE_IDENTIFIER = dev.taekki.ios.MapSharing;
				PRODUCT_NAME = "$(TARGET_NAME)";
				SWIFT_OBJC_BRIDGING_HEADER = "/Users/taehy.k/MyProjects/MapSharing-iOS/MapSharing/MapSharing-Bridging-Header.h";
				SWIFT_VERSION = 5.0;
				TARGETED_DEVICE_FAMILY = 1;
			};
			name = Release;
		};
/* End XCBuildConfiguration section */

/* Begin XCConfigurationList section */
		BDA66A2625DE698D00EF4097 /* Build configuration list for PBXProject "MapSharing" */ = {
			isa = XCConfigurationList;
			buildConfigurations = (
				BDA66A3D25DE698F00EF4097 /* Debug */,
				BDA66A3E25DE698F00EF4097 /* Release */,
			);
			defaultConfigurationIsVisible = 0;
			defaultConfigurationName = Release;
		};
		BDA66A3F25DE698F00EF4097 /* Build configuration list for PBXNativeTarget "MapSharing" */ = {
			isa = XCConfigurationList;
			buildConfigurations = (
				BDA66A4025DE698F00EF4097 /* Debug */,
				BDA66A4125DE698F00EF4097 /* Release */,
			);
			defaultConfigurationIsVisible = 0;
			defaultConfigurationName = Release;
		};
/* End XCConfigurationList section */
	};
	rootObject = BDA66A2325DE698D00EF4097 /* Project object */;
}
